
Microsoft Visual Studio Solution File, Format Version 12.00
# Visual Studio Version 17
VisualStudioVersion = 17.3.32922.545
MinimumVisualStudioVersion = 10.0.40219.1
Project("{FAE04EC0-301F-11D3-BF4B-00C04F79EFBC}") = "Demo1", "Demo1\Demo1.csproj", "{261D94C1-B520-4328-ADE9-DA03D84C5092}"
EndProject
Global
	GlobalSection(SolutionConfigurationPlatforms) = preSolution
		Debug|Any CPU = Debug|Any CPU
		Release|Any CPU = Release|Any CPU
	EndGlobalSection
	GlobalSection(ProjectConfigurationPlatforms) = postSolution
		{261D94C1-B520-4328-ADE9-DA03D84C5092}.Debug|Any CPU.ActiveCfg = Debug|Any CPU
		{261D94C1-B520-4328-ADE9-DA03D84C5092}.Debug|Any CPU.Build.0 = Debug|Any CPU
		{261D94C1-B520-4328-ADE9-DA03D84C5092}.Release|Any CPU.ActiveCfg = Release|Any CPU
		{261D94C1-B520-4328-ADE9-DA03D84C5092}.Release|Any CPU.Build.0 = Release|Any CPU
	EndGlobalSection
	GlobalSection(SolutionProperties) = preSolution
		HideSolutionNode = FALSE
	EndGlobalSection
	GlobalSection(ExtensibilityGlobals) = postSolution
		SolutionGuid = {FCB123A3-BC56-4930-9B44-50617D643101}
	EndGlobalSection
EndGlobal
