
Microsoft Visual Studio Solution File, Format Version 12.00
# Visual Studio Version 17
VisualStudioVersion = 17.3.32922.545
MinimumVisualStudioVersion = 10.0.40219.1
Project("{9A19103F-16F7-4668-BE54-9A1E7A4F7556}") = "Test", "Test\Test.csproj", "{BD935F12-D0FD-4E06-8C47-28D5B8431A60}"
EndProject
Project("{FAE04EC0-301F-11D3-BF4B-00C04F79EFBC}") = "Stealer", "Stealer\Stealer.csproj", "{BF27463E-4363-4C4D-9B3B-94D40ABE83F3}"
EndProject
Project("{FAE04EC0-301F-11D3-BF4B-00C04F79EFBC}") = "AuthorProblem", "AuthorProblem\AuthorProblem.csproj", "{F5FFCA68-BCEF-4F34-8A10-C9A7F9DE8670}"
EndProject
Project("{FAE04EC0-301F-11D3-BF4B-00C04F79EFBC}") = "SerializationWorkshop", "SerializationWorkshop\SerializationWorkshop.csproj", "{EFF72DD6-44DC-4890-A248-63B3A93634B3}"
EndProject
Global
	GlobalSection(SolutionConfigurationPlatforms) = preSolution
		Debug|Any CPU = Debug|Any CPU
		Release|Any CPU = Release|Any CPU
	EndGlobalSection
	GlobalSection(ProjectConfigurationPlatforms) = postSolution
		{BD935F12-D0FD-4E06-8C47-28D5B8431A60}.Debug|Any CPU.ActiveCfg = Debug|Any CPU
		{BD935F12-D0FD-4E06-8C47-28D5B8431A60}.Debug|Any CPU.Build.0 = Debug|Any CPU
		{BD935F12-D0FD-4E06-8C47-28D5B8431A60}.Release|Any CPU.ActiveCfg = Release|Any CPU
		{BD935F12-D0FD-4E06-8C47-28D5B8431A60}.Release|Any CPU.Build.0 = Release|Any CPU
		{BF27463E-4363-4C4D-9B3B-94D40ABE83F3}.Debug|Any CPU.ActiveCfg = Debug|Any CPU
		{BF27463E-4363-4C4D-9B3B-94D40ABE83F3}.Debug|Any CPU.Build.0 = Debug|Any CPU
		{BF27463E-4363-4C4D-9B3B-94D40ABE83F3}.Release|Any CPU.ActiveCfg = Release|Any CPU
		{BF27463E-4363-4C4D-9B3B-94D40ABE83F3}.Release|Any CPU.Build.0 = Release|Any CPU
		{F5FFCA68-BCEF-4F34-8A10-C9A7F9DE8670}.Debug|Any CPU.ActiveCfg = Debug|Any CPU
		{F5FFCA68-BCEF-4F34-8A10-C9A7F9DE8670}.Debug|Any CPU.Build.0 = Debug|Any CPU
		{F5FFCA68-BCEF-4F34-8A10-C9A7F9DE8670}.Release|Any CPU.ActiveCfg = Release|Any CPU
		{F5FFCA68-BCEF-4F34-8A10-C9A7F9DE8670}.Release|Any CPU.Build.0 = Release|Any CPU
		{EFF72DD6-44DC-4890-A248-63B3A93634B3}.Debug|Any CPU.ActiveCfg = Debug|Any CPU
		{EFF72DD6-44DC-4890-A248-63B3A93634B3}.Debug|Any CPU.Build.0 = Debug|Any CPU
		{EFF72DD6-44DC-4890-A248-63B3A93634B3}.Release|Any CPU.ActiveCfg = Release|Any CPU
		{EFF72DD6-44DC-4890-A248-63B3A93634B3}.Release|Any CPU.Build.0 = Release|Any CPU
	EndGlobalSection
	GlobalSection(SolutionProperties) = preSolution
		HideSolutionNode = FALSE
	EndGlobalSection
	GlobalSection(ExtensibilityGlobals) = postSolution
		SolutionGuid = {BADE1747-4EA2-4E98-A23D-54D48E047569}
	EndGlobalSection
EndGlobal
