
Microsoft Visual Studio Solution File, Format Version 12.00
# Visual Studio Version 17
VisualStudioVersion = 17.3.32922.545
MinimumVisualStudioVersion = 10.0.40219.1
Project("{FAE04EC0-301F-11D3-BF4B-00C04F79EFBC}") = "01. Sum Adjacent Equal Numbers", "01. Sum Adjacent Equal Numbers\01. Sum Adjacent Equal Numbers.csproj", "{84C5B9FB-7954-45BB-80BB-19404E607CB3}"
EndProject
Project("{FAE04EC0-301F-11D3-BF4B-00C04F79EFBC}") = "02. Gauss' Trick", "02. Gauss' Trick\02. Gauss' Trick.csproj", "{0D452CE2-DE49-4503-8226-CCCA12D56C06}"
EndProject
Project("{FAE04EC0-301F-11D3-BF4B-00C04F79EFBC}") = "03. Merging Lists", "03. Merging Lists\03. Merging Lists.csproj", "{966F82EE-B122-4FEA-916D-C4542DB214A2}"
EndProject
Project("{FAE04EC0-301F-11D3-BF4B-00C04F79EFBC}") = "04. List of Products", "04. List of Products\04. List of Products.csproj", "{6EFC659C-7EFD-47E6-AE9A-C9228F2A9EF3}"
EndProject
Project("{FAE04EC0-301F-11D3-BF4B-00C04F79EFBC}") = "05. Remove Negatives and Reverse", "05. Remove Negatives and Reverse\05. Remove Negatives and Reverse.csproj", "{26838B98-5D6C-426F-9A7C-0E92217FB4DB}"
EndProject
Project("{FAE04EC0-301F-11D3-BF4B-00C04F79EFBC}") = "06. List Manipulation Basics", "06. List Manipulation Basics\06. List Manipulation Basics.csproj", "{A4DA2686-A44F-4822-94DE-D2D5668DDDBF}"
EndProject
Project("{FAE04EC0-301F-11D3-BF4B-00C04F79EFBC}") = "07. List Manipulation Advanced", "07. List Manipulation Advanced\07. List Manipulation Advanced.csproj", "{29EEEF6B-CE2D-4030-9C5B-4DAA42F207ED}"
EndProject
Global
	GlobalSection(SolutionConfigurationPlatforms) = preSolution
		Debug|Any CPU = Debug|Any CPU
		Release|Any CPU = Release|Any CPU
	EndGlobalSection
	GlobalSection(ProjectConfigurationPlatforms) = postSolution
		{84C5B9FB-7954-45BB-80BB-19404E607CB3}.Debug|Any CPU.ActiveCfg = Debug|Any CPU
		{84C5B9FB-7954-45BB-80BB-19404E607CB3}.Debug|Any CPU.Build.0 = Debug|Any CPU
		{84C5B9FB-7954-45BB-80BB-19404E607CB3}.Release|Any CPU.ActiveCfg = Release|Any CPU
		{84C5B9FB-7954-45BB-80BB-19404E607CB3}.Release|Any CPU.Build.0 = Release|Any CPU
		{0D452CE2-DE49-4503-8226-CCCA12D56C06}.Debug|Any CPU.ActiveCfg = Debug|Any CPU
		{0D452CE2-DE49-4503-8226-CCCA12D56C06}.Debug|Any CPU.Build.0 = Debug|Any CPU
		{0D452CE2-DE49-4503-8226-CCCA12D56C06}.Release|Any CPU.ActiveCfg = Release|Any CPU
		{0D452CE2-DE49-4503-8226-CCCA12D56C06}.Release|Any CPU.Build.0 = Release|Any CPU
		{966F82EE-B122-4FEA-916D-C4542DB214A2}.Debug|Any CPU.ActiveCfg = Debug|Any CPU
		{966F82EE-B122-4FEA-916D-C4542DB214A2}.Debug|Any CPU.Build.0 = Debug|Any CPU
		{966F82EE-B122-4FEA-916D-C4542DB214A2}.Release|Any CPU.ActiveCfg = Release|Any CPU
		{966F82EE-B122-4FEA-916D-C4542DB214A2}.Release|Any CPU.Build.0 = Release|Any CPU
		{6EFC659C-7EFD-47E6-AE9A-C9228F2A9EF3}.Debug|Any CPU.ActiveCfg = Debug|Any CPU
		{6EFC659C-7EFD-47E6-AE9A-C9228F2A9EF3}.Debug|Any CPU.Build.0 = Debug|Any CPU
		{6EFC659C-7EFD-47E6-AE9A-C9228F2A9EF3}.Release|Any CPU.ActiveCfg = Release|Any CPU
		{6EFC659C-7EFD-47E6-AE9A-C9228F2A9EF3}.Release|Any CPU.Build.0 = Release|Any CPU
		{26838B98-5D6C-426F-9A7C-0E92217FB4DB}.Debug|Any CPU.ActiveCfg = Debug|Any CPU
		{26838B98-5D6C-426F-9A7C-0E92217FB4DB}.Debug|Any CPU.Build.0 = Debug|Any CPU
		{26838B98-5D6C-426F-9A7C-0E92217FB4DB}.Release|Any CPU.ActiveCfg = Release|Any CPU
		{26838B98-5D6C-426F-9A7C-0E92217FB4DB}.Release|Any CPU.Build.0 = Release|Any CPU
		{A4DA2686-A44F-4822-94DE-D2D5668DDDBF}.Debug|Any CPU.ActiveCfg = Debug|Any CPU
		{A4DA2686-A44F-4822-94DE-D2D5668DDDBF}.Debug|Any CPU.Build.0 = Debug|Any CPU
		{A4DA2686-A44F-4822-94DE-D2D5668DDDBF}.Release|Any CPU.ActiveCfg = Release|Any CPU
		{A4DA2686-A44F-4822-94DE-D2D5668DDDBF}.Release|Any CPU.Build.0 = Release|Any CPU
		{29EEEF6B-CE2D-4030-9C5B-4DAA42F207ED}.Debug|Any CPU.ActiveCfg = Debug|Any CPU
		{29EEEF6B-CE2D-4030-9C5B-4DAA42F207ED}.Debug|Any CPU.Build.0 = Debug|Any CPU
		{29EEEF6B-CE2D-4030-9C5B-4DAA42F207ED}.Release|Any CPU.ActiveCfg = Release|Any CPU
		{29EEEF6B-CE2D-4030-9C5B-4DAA42F207ED}.Release|Any CPU.Build.0 = Release|Any CPU
	EndGlobalSection
	GlobalSection(SolutionProperties) = preSolution
		HideSolutionNode = FALSE
	EndGlobalSection
	GlobalSection(ExtensibilityGlobals) = postSolution
		SolutionGuid = {0869A4FF-2E54-44A8-8F38-3224D118441A}
	EndGlobalSection
EndGlobal
