
Microsoft Visual Studio Solution File, Format Version 12.00
# Visual Studio Version 17
VisualStudioVersion = 17.3.32922.545
MinimumVisualStudioVersion = 10.0.40219.1
Project("{FAE04EC0-301F-11D3-BF4B-00C04F79EFBC}") = "Test", "Test\Test.csproj", "{F4AA67BD-B5CF-4174-98FB-7F2679778494}"
EndProject
Project("{FAE04EC0-301F-11D3-BF4B-00C04F79EFBC}") = "Cars", "Cars\Cars.csproj", "{945956D5-0D85-4506-ACA9-08672F756BBF}"
EndProject
Project("{FAE04EC0-301F-11D3-BF4B-00C04F79EFBC}") = "Shapes", "Shapes\Shapes.csproj", "{0EDA9B27-87FB-4312-9921-197648F3DB91}"
EndProject
Global
	GlobalSection(SolutionConfigurationPlatforms) = preSolution
		Debug|Any CPU = Debug|Any CPU
		Release|Any CPU = Release|Any CPU
	EndGlobalSection
	GlobalSection(ProjectConfigurationPlatforms) = postSolution
		{F4AA67BD-B5CF-4174-98FB-7F2679778494}.Debug|Any CPU.ActiveCfg = Debug|Any CPU
		{F4AA67BD-B5CF-4174-98FB-7F2679778494}.Debug|Any CPU.Build.0 = Debug|Any CPU
		{F4AA67BD-B5CF-4174-98FB-7F2679778494}.Release|Any CPU.ActiveCfg = Release|Any CPU
		{F4AA67BD-B5CF-4174-98FB-7F2679778494}.Release|Any CPU.Build.0 = Release|Any CPU
		{945956D5-0D85-4506-ACA9-08672F756BBF}.Debug|Any CPU.ActiveCfg = Debug|Any CPU
		{945956D5-0D85-4506-ACA9-08672F756BBF}.Debug|Any CPU.Build.0 = Debug|Any CPU
		{945956D5-0D85-4506-ACA9-08672F756BBF}.Release|Any CPU.ActiveCfg = Release|Any CPU
		{945956D5-0D85-4506-ACA9-08672F756BBF}.Release|Any CPU.Build.0 = Release|Any CPU
		{0EDA9B27-87FB-4312-9921-197648F3DB91}.Debug|Any CPU.ActiveCfg = Debug|Any CPU
		{0EDA9B27-87FB-4312-9921-197648F3DB91}.Debug|Any CPU.Build.0 = Debug|Any CPU
		{0EDA9B27-87FB-4312-9921-197648F3DB91}.Release|Any CPU.ActiveCfg = Release|Any CPU
		{0EDA9B27-87FB-4312-9921-197648F3DB91}.Release|Any CPU.Build.0 = Release|Any CPU
	EndGlobalSection
	GlobalSection(SolutionProperties) = preSolution
		HideSolutionNode = FALSE
	EndGlobalSection
	GlobalSection(ExtensibilityGlobals) = postSolution
		SolutionGuid = {C6AE4CA5-5836-4D5C-8DD8-6B7EC9E12339}
	EndGlobalSection
EndGlobal
