
Microsoft Visual Studio Solution File, Format Version 12.00
# Visual Studio Version 17
VisualStudioVersion = 17.2.32526.322
MinimumVisualStudioVersion = 10.0.40219.1
Project("{9A19103F-16F7-4668-BE54-9A1E7A4F7556}") = "5. Travelling", "5. Travelling\5. Travelling.csproj", "{A757C685-32B8-4455-9394-F61FCF11BD51}"
EndProject
Project("{9A19103F-16F7-4668-BE54-9A1E7A4F7556}") = "6. Building", "6. Building\6. Building.csproj", "{C6869A13-D3AA-4218-9E65-0873577288BA}"
EndProject
Project("{FAE04EC0-301F-11D3-BF4B-00C04F79EFBC}") = "1. Clock", "1. Clock\1. Clock.csproj", "{DE7E302D-5196-4B32-B419-DF5E2ECC7B14}"
EndProject
Project("{FAE04EC0-301F-11D3-BF4B-00C04F79EFBC}") = "2. Multiplication Table", "2. Multiplication Table\2. Multiplication Table.csproj", "{A9A48BDC-3BD0-4BFD-89CF-4DCDE8AFB1A2}"
EndProject
Project("{FAE04EC0-301F-11D3-BF4B-00C04F79EFBC}") = "3. Combinations", "3. Combinations\3. Combinations.csproj", "{C4D7CC4F-7C9D-443C-81E8-9538790650DA}"
EndProject
Project("{FAE04EC0-301F-11D3-BF4B-00C04F79EFBC}") = "4. Sum of Two Numbers", "4. Sum of Two Numbers\4. Sum of Two Numbers.csproj", "{A3FD2D2D-C5AF-4290-8EEC-8B4A3A105EDE}"
EndProject
Global
	GlobalSection(SolutionConfigurationPlatforms) = preSolution
		Debug|Any CPU = Debug|Any CPU
		Release|Any CPU = Release|Any CPU
	EndGlobalSection
	GlobalSection(ProjectConfigurationPlatforms) = postSolution
		{A757C685-32B8-4455-9394-F61FCF11BD51}.Debug|Any CPU.ActiveCfg = Debug|Any CPU
		{A757C685-32B8-4455-9394-F61FCF11BD51}.Debug|Any CPU.Build.0 = Debug|Any CPU
		{A757C685-32B8-4455-9394-F61FCF11BD51}.Release|Any CPU.ActiveCfg = Release|Any CPU
		{A757C685-32B8-4455-9394-F61FCF11BD51}.Release|Any CPU.Build.0 = Release|Any CPU
		{C6869A13-D3AA-4218-9E65-0873577288BA}.Debug|Any CPU.ActiveCfg = Debug|Any CPU
		{C6869A13-D3AA-4218-9E65-0873577288BA}.Debug|Any CPU.Build.0 = Debug|Any CPU
		{C6869A13-D3AA-4218-9E65-0873577288BA}.Release|Any CPU.ActiveCfg = Release|Any CPU
		{C6869A13-D3AA-4218-9E65-0873577288BA}.Release|Any CPU.Build.0 = Release|Any CPU
		{DE7E302D-5196-4B32-B419-DF5E2ECC7B14}.Debug|Any CPU.ActiveCfg = Debug|Any CPU
		{DE7E302D-5196-4B32-B419-DF5E2ECC7B14}.Debug|Any CPU.Build.0 = Debug|Any CPU
		{DE7E302D-5196-4B32-B419-DF5E2ECC7B14}.Release|Any CPU.ActiveCfg = Release|Any CPU
		{DE7E302D-5196-4B32-B419-DF5E2ECC7B14}.Release|Any CPU.Build.0 = Release|Any CPU
		{A9A48BDC-3BD0-4BFD-89CF-4DCDE8AFB1A2}.Debug|Any CPU.ActiveCfg = Debug|Any CPU
		{A9A48BDC-3BD0-4BFD-89CF-4DCDE8AFB1A2}.Debug|Any CPU.Build.0 = Debug|Any CPU
		{A9A48BDC-3BD0-4BFD-89CF-4DCDE8AFB1A2}.Release|Any CPU.ActiveCfg = Release|Any CPU
		{A9A48BDC-3BD0-4BFD-89CF-4DCDE8AFB1A2}.Release|Any CPU.Build.0 = Release|Any CPU
		{C4D7CC4F-7C9D-443C-81E8-9538790650DA}.Debug|Any CPU.ActiveCfg = Debug|Any CPU
		{C4D7CC4F-7C9D-443C-81E8-9538790650DA}.Debug|Any CPU.Build.0 = Debug|Any CPU
		{C4D7CC4F-7C9D-443C-81E8-9538790650DA}.Release|Any CPU.ActiveCfg = Release|Any CPU
		{C4D7CC4F-7C9D-443C-81E8-9538790650DA}.Release|Any CPU.Build.0 = Release|Any CPU
		{A3FD2D2D-C5AF-4290-8EEC-8B4A3A105EDE}.Debug|Any CPU.ActiveCfg = Debug|Any CPU
		{A3FD2D2D-C5AF-4290-8EEC-8B4A3A105EDE}.Debug|Any CPU.Build.0 = Debug|Any CPU
		{A3FD2D2D-C5AF-4290-8EEC-8B4A3A105EDE}.Release|Any CPU.ActiveCfg = Release|Any CPU
		{A3FD2D2D-C5AF-4290-8EEC-8B4A3A105EDE}.Release|Any CPU.Build.0 = Release|Any CPU
	EndGlobalSection
	GlobalSection(SolutionProperties) = preSolution
		HideSolutionNode = FALSE
	EndGlobalSection
	GlobalSection(ExtensibilityGlobals) = postSolution
		SolutionGuid = {59C08D11-6CBF-430E-9C30-7A9CA9B378DA}
	EndGlobalSection
EndGlobal
