
Microsoft Visual Studio Solution File, Format Version 12.00
# Visual Studio Version 17
VisualStudioVersion = 17.3.32922.545
MinimumVisualStudioVersion = 10.0.40219.1
Project("{FAE04EC0-301F-11D3-BF4B-00C04F79EFBC}") = "01. Experience Gaining", "01. Experience Gaining\01. Experience Gaining.csproj", "{D950D37E-5EDC-4359-BED2-C7A4E1762E83}"
EndProject
Project("{FAE04EC0-301F-11D3-BF4B-00C04F79EFBC}") = "02. Space Travel", "02. Space Travel\02. Space Travel.csproj", "{AB2C66CC-8B31-40AB-A8B4-50C4B1D43722}"
EndProject
Project("{FAE04EC0-301F-11D3-BF4B-00C04F79EFBC}") = "03. Chat Logger", "03. Chat Logger\03. Chat Logger.csproj", "{51D46C20-9FB7-4204-A041-02129BEE3613}"
EndProject
Global
	GlobalSection(SolutionConfigurationPlatforms) = preSolution
		Debug|Any CPU = Debug|Any CPU
		Release|Any CPU = Release|Any CPU
	EndGlobalSection
	GlobalSection(ProjectConfigurationPlatforms) = postSolution
		{D950D37E-5EDC-4359-BED2-C7A4E1762E83}.Debug|Any CPU.ActiveCfg = Debug|Any CPU
		{D950D37E-5EDC-4359-BED2-C7A4E1762E83}.Debug|Any CPU.Build.0 = Debug|Any CPU
		{D950D37E-5EDC-4359-BED2-C7A4E1762E83}.Release|Any CPU.ActiveCfg = Release|Any CPU
		{D950D37E-5EDC-4359-BED2-C7A4E1762E83}.Release|Any CPU.Build.0 = Release|Any CPU
		{AB2C66CC-8B31-40AB-A8B4-50C4B1D43722}.Debug|Any CPU.ActiveCfg = Debug|Any CPU
		{AB2C66CC-8B31-40AB-A8B4-50C4B1D43722}.Debug|Any CPU.Build.0 = Debug|Any CPU
		{AB2C66CC-8B31-40AB-A8B4-50C4B1D43722}.Release|Any CPU.ActiveCfg = Release|Any CPU
		{AB2C66CC-8B31-40AB-A8B4-50C4B1D43722}.Release|Any CPU.Build.0 = Release|Any CPU
		{51D46C20-9FB7-4204-A041-02129BEE3613}.Debug|Any CPU.ActiveCfg = Debug|Any CPU
		{51D46C20-9FB7-4204-A041-02129BEE3613}.Debug|Any CPU.Build.0 = Debug|Any CPU
		{51D46C20-9FB7-4204-A041-02129BEE3613}.Release|Any CPU.ActiveCfg = Release|Any CPU
		{51D46C20-9FB7-4204-A041-02129BEE3613}.Release|Any CPU.Build.0 = Release|Any CPU
	EndGlobalSection
	GlobalSection(SolutionProperties) = preSolution
		HideSolutionNode = FALSE
	EndGlobalSection
	GlobalSection(ExtensibilityGlobals) = postSolution
		SolutionGuid = {A482C01F-D010-42CF-BB67-EEEC283A8E35}
	EndGlobalSection
EndGlobal
