
Microsoft Visual Studio Solution File, Format Version 12.00
# Visual Studio Version 17
VisualStudioVersion = 17.3.32922.545
MinimumVisualStudioVersion = 10.0.40219.1
Project("{FAE04EC0-301F-11D3-BF4B-00C04F79EFBC}") = "P02_FootballBetting", "P02_FootballBetting\P02_FootballBetting.csproj", "{C7450CEE-DC75-4C94-87E1-C476F31827CF}"
EndProject
Project("{FAE04EC0-301F-11D3-BF4B-00C04F79EFBC}") = "P02_FootballBetting.Data", "P02_FootballBetting.Data\P02_FootballBetting.Data.csproj", "{DD7FBA8B-B6BA-493C-85C5-0438843C7921}"
EndProject
Project("{FAE04EC0-301F-11D3-BF4B-00C04F79EFBC}") = "P02_FootballBetting.Data.Models", "P02_FootballBetting.Data.Models\P02_FootballBetting.Data.Models.csproj", "{52D8BBB9-33DA-4485-81C5-07D35264AC0B}"
EndProject
Project("{FAE04EC0-301F-11D3-BF4B-00C04F79EFBC}") = "P02_FootballBetting.Data.Common", "P02_FootballBetting.Data.Common\P02_FootballBetting.Data.Common.csproj", "{54AE3AFC-74B0-4FD9-8D3B-B49525006DD2}"
EndProject
Global
	GlobalSection(SolutionConfigurationPlatforms) = preSolution
		Debug|Any CPU = Debug|Any CPU
		Release|Any CPU = Release|Any CPU
	EndGlobalSection
	GlobalSection(ProjectConfigurationPlatforms) = postSolution
		{C7450CEE-DC75-4C94-87E1-C476F31827CF}.Debug|Any CPU.ActiveCfg = Debug|Any CPU
		{C7450CEE-DC75-4C94-87E1-C476F31827CF}.Debug|Any CPU.Build.0 = Debug|Any CPU
		{C7450CEE-DC75-4C94-87E1-C476F31827CF}.Release|Any CPU.ActiveCfg = Release|Any CPU
		{C7450CEE-DC75-4C94-87E1-C476F31827CF}.Release|Any CPU.Build.0 = Release|Any CPU
		{DD7FBA8B-B6BA-493C-85C5-0438843C7921}.Debug|Any CPU.ActiveCfg = Debug|Any CPU
		{DD7FBA8B-B6BA-493C-85C5-0438843C7921}.Debug|Any CPU.Build.0 = Debug|Any CPU
		{DD7FBA8B-B6BA-493C-85C5-0438843C7921}.Release|Any CPU.ActiveCfg = Release|Any CPU
		{DD7FBA8B-B6BA-493C-85C5-0438843C7921}.Release|Any CPU.Build.0 = Release|Any CPU
		{52D8BBB9-33DA-4485-81C5-07D35264AC0B}.Debug|Any CPU.ActiveCfg = Debug|Any CPU
		{52D8BBB9-33DA-4485-81C5-07D35264AC0B}.Debug|Any CPU.Build.0 = Debug|Any CPU
		{52D8BBB9-33DA-4485-81C5-07D35264AC0B}.Release|Any CPU.ActiveCfg = Release|Any CPU
		{52D8BBB9-33DA-4485-81C5-07D35264AC0B}.Release|Any CPU.Build.0 = Release|Any CPU
		{54AE3AFC-74B0-4FD9-8D3B-B49525006DD2}.Debug|Any CPU.ActiveCfg = Debug|Any CPU
		{54AE3AFC-74B0-4FD9-8D3B-B49525006DD2}.Debug|Any CPU.Build.0 = Debug|Any CPU
		{54AE3AFC-74B0-4FD9-8D3B-B49525006DD2}.Release|Any CPU.ActiveCfg = Release|Any CPU
		{54AE3AFC-74B0-4FD9-8D3B-B49525006DD2}.Release|Any CPU.Build.0 = Release|Any CPU
	EndGlobalSection
	GlobalSection(SolutionProperties) = preSolution
		HideSolutionNode = FALSE
	EndGlobalSection
	GlobalSection(ExtensibilityGlobals) = postSolution
		SolutionGuid = {6829B487-9D37-479F-86AA-5906EA7E0AB1}
	EndGlobalSection
EndGlobal
