
Microsoft Visual Studio Solution File, Format Version 12.00
# Visual Studio Version 17
VisualStudioVersion = 17.3.32922.545
MinimumVisualStudioVersion = 10.0.40219.1
Project("{FAE04EC0-301F-11D3-BF4B-00C04F79EFBC}") = "1. Scaffolding", "1. Scaffolding\1. Scaffolding.csproj", "{3DA7E55D-B790-4679-8CC6-104AA4242F04}"
EndProject
Global
	GlobalSection(SolutionConfigurationPlatforms) = preSolution
		Debug|Any CPU = Debug|Any CPU
		Release|Any CPU = Release|Any CPU
	EndGlobalSection
	GlobalSection(ProjectConfigurationPlatforms) = postSolution
		{3DA7E55D-B790-4679-8CC6-104AA4242F04}.Debug|Any CPU.ActiveCfg = Debug|Any CPU
		{3DA7E55D-B790-4679-8CC6-104AA4242F04}.Debug|Any CPU.Build.0 = Debug|Any CPU
		{3DA7E55D-B790-4679-8CC6-104AA4242F04}.Release|Any CPU.ActiveCfg = Release|Any CPU
		{3DA7E55D-B790-4679-8CC6-104AA4242F04}.Release|Any CPU.Build.0 = Release|Any CPU
	EndGlobalSection
	GlobalSection(SolutionProperties) = preSolution
		HideSolutionNode = FALSE
	EndGlobalSection
	GlobalSection(ExtensibilityGlobals) = postSolution
		SolutionGuid = {B7367CDD-426E-4103-AC5D-FBE061FA6817}
	EndGlobalSection
EndGlobal
